
Microsoft Visual Studio Solution File, Format Version 12.00
# Visual Studio Version 17
VisualStudioVersion = 17.7.34024.191
MinimumVisualStudioVersion = 10.0.40219.1
Project("{8BC9CEB8-8B4A-11D0-8D11-00A0C91BC942}") = "Powder", "Powder.vcxproj", "{FFCE671A-9F49-470A-9D4E-80C5B95038AC}"
	ProjectSection(ProjectDependencies) = postProject
		{0945D50A-9D68-41F7-9F90-61B28C2423A8} = {0945D50A-9D68-41F7-9F90-61B28C2423A8}
		{AE77B227-D195-4D77-8434-700159515F7D} = {AE77B227-D195-4D77-8434-700159515F7D}
	EndProjectSection
EndProject
Project("{8BC9CEB8-8B4A-11D0-8D11-00A0C91BC942}") = "Interpreter", "Interpreter\Interpreter.vcxproj", "{01BB7822-4754-463F-B1FB-B4618A491C0D}"
	ProjectSection(ProjectDependencies) = postProject
		{FFCE671A-9F49-470A-9D4E-80C5B95038AC} = {FFCE671A-9F49-470A-9D4E-80C5B95038AC}
	EndProjectSection
EndProject
Project("{8BC9CEB8-8B4A-11D0-8D11-00A0C91BC942}") = "IO", "Modules\IO\IO.vcxproj", "{E5CE34C2-CE36-4335-A31C-4AE31FB7A46C}"
	ProjectSection(ProjectDependencies) = postProject
		{FFCE671A-9F49-470A-9D4E-80C5B95038AC} = {FFCE671A-9F49-470A-9D4E-80C5B95038AC}
	EndProjectSection
EndProject
Project("{8BC9CEB8-8B4A-11D0-8D11-00A0C91BC942}") = "Editor", "Editor\Editor.vcxproj", "{09BEAB58-5AEF-4B53-8753-555495E0D862}"
	ProjectSection(ProjectDependencies) = postProject
		{FFCE671A-9F49-470A-9D4E-80C5B95038AC} = {FFCE671A-9F49-470A-9D4E-80C5B95038AC}
	EndProjectSection
EndProject
Project("{2150E333-8FDC-42A3-9474-1A3956D46DE8}") = "Examples", "Examples", "{90EE8575-6DDF-497D-B766-2776E2EAD463}"
	ProjectSection(SolutionItems) = preProject
		Examples\Closure.pow = Examples\Closure.pow
		Examples\DoWhile.pow = Examples\DoWhile.pow
		Examples\Fibbonacci.pow = Examples\Fibbonacci.pow
		Examples\Fork.pow = Examples\Fork.pow
		Examples\ForLoop.pow = Examples\ForLoop.pow
		Examples\Function.pow = Examples\Function.pow
		Examples\GCTest.pow = Examples\GCTest.pow
		Examples\HelloWorld.pow = Examples\HelloWorld.pow
		Examples\IfThenElse.pow = Examples\IfThenElse.pow
		Examples\IOTest.pow = Examples\IOTest.pow
		Examples\ListTests.pow = Examples\ListTests.pow
		Examples\MapTests.pow = Examples\MapTests.pow
		Examples\MathExpression.pow = Examples\MathExpression.pow
		Examples\Matrix.pow = Examples\Matrix.pow
		Examples\Membership.pow = Examples\Membership.pow
		Examples\Object.pow = Examples\Object.pow
		Examples\RefTest.pow = Examples\RefTest.pow
		Examples\ScopeTest.pow = Examples\ScopeTest.pow
		Examples\VectorLibrary.pow = Examples\VectorLibrary.pow
		Examples\VectorTest.pow = Examples\VectorTest.pow
	EndProjectSection
EndProject
Project("{8BC9CEB8-8B4A-11D0-8D11-00A0C91BC942}") = "ParseParty", "ThirdParty\ParseParty\ParseParty.vcxproj", "{AE77B227-D195-4D77-8434-700159515F7D}"
EndProject
Project("{8BC9CEB8-8B4A-11D0-8D11-00A0C91BC942}") = "ParseTool", "ThirdParty\ParseParty\ParseTool\ParseTool.vcxproj", "{946DA007-46BD-48EC-A455-2E9345143FEA}"
	ProjectSection(ProjectDependencies) = postProject
		{AE77B227-D195-4D77-8434-700159515F7D} = {AE77B227-D195-4D77-8434-700159515F7D}
	EndProjectSection
EndProject
Project("{8BC9CEB8-8B4A-11D0-8D11-00A0C91BC942}") = "GarbageCollector", "ThirdParty\GarbageCollector\GarbageCollector.vcxproj", "{0945D50A-9D68-41F7-9F90-61B28C2423A8}"
EndProject
Project("{2150E333-8FDC-42A3-9474-1A3956D46DE8}") = "PowderModules", "PowderModules", "{5C5CAC99-1938-42BC-931F-4528A3FB4B9B}"
EndProject
Project("{8BC9CEB8-8B4A-11D0-8D11-00A0C91BC942}") = "Math", "Modules\Math\Math.vcxproj", "{1EC928B2-E746-4764-9F25-A786016DCE09}"
	ProjectSection(ProjectDependencies) = postProject
		{FFCE671A-9F49-470A-9D4E-80C5B95038AC} = {FFCE671A-9F49-470A-9D4E-80C5B95038AC}
	EndProjectSection
EndProject
Project("{8BC9CEB8-8B4A-11D0-8D11-00A0C91BC942}") = "Utils", "Modules\Utils\Utils.vcxproj", "{96AC6249-EB16-4024-9751-807A9E157773}"
EndProject
Global
	GlobalSection(SolutionConfigurationPlatforms) = preSolution
		Debug|x64 = Debug|x64
		Debug|x86 = Debug|x86
		Release|x64 = Release|x64
		Release|x86 = Release|x86
	EndGlobalSection
	GlobalSection(ProjectConfigurationPlatforms) = postSolution
		{FFCE671A-9F49-470A-9D4E-80C5B95038AC}.Debug|x64.ActiveCfg = Debug|x64
		{FFCE671A-9F49-470A-9D4E-80C5B95038AC}.Debug|x64.Build.0 = Debug|x64
		{FFCE671A-9F49-470A-9D4E-80C5B95038AC}.Debug|x86.ActiveCfg = Debug|Win32
		{FFCE671A-9F49-470A-9D4E-80C5B95038AC}.Debug|x86.Build.0 = Debug|Win32
		{FFCE671A-9F49-470A-9D4E-80C5B95038AC}.Release|x64.ActiveCfg = Release|x64
		{FFCE671A-9F49-470A-9D4E-80C5B95038AC}.Release|x64.Build.0 = Release|x64
		{FFCE671A-9F49-470A-9D4E-80C5B95038AC}.Release|x86.ActiveCfg = Release|Win32
		{FFCE671A-9F49-470A-9D4E-80C5B95038AC}.Release|x86.Build.0 = Release|Win32
		{01BB7822-4754-463F-B1FB-B4618A491C0D}.Debug|x64.ActiveCfg = Debug|x64
		{01BB7822-4754-463F-B1FB-B4618A491C0D}.Debug|x64.Build.0 = Debug|x64
		{01BB7822-4754-463F-B1FB-B4618A491C0D}.Debug|x86.ActiveCfg = Debug|Win32
		{01BB7822-4754-463F-B1FB-B4618A491C0D}.Debug|x86.Build.0 = Debug|Win32
		{01BB7822-4754-463F-B1FB-B4618A491C0D}.Release|x64.ActiveCfg = Release|x64
		{01BB7822-4754-463F-B1FB-B4618A491C0D}.Release|x64.Build.0 = Release|x64
		{01BB7822-4754-463F-B1FB-B4618A491C0D}.Release|x86.ActiveCfg = Release|Win32
		{01BB7822-4754-463F-B1FB-B4618A491C0D}.Release|x86.Build.0 = Release|Win32
		{E5CE34C2-CE36-4335-A31C-4AE31FB7A46C}.Debug|x64.ActiveCfg = Debug|x64
		{E5CE34C2-CE36-4335-A31C-4AE31FB7A46C}.Debug|x64.Build.0 = Debug|x64
		{E5CE34C2-CE36-4335-A31C-4AE31FB7A46C}.Debug|x86.ActiveCfg = Debug|Win32
		{E5CE34C2-CE36-4335-A31C-4AE31FB7A46C}.Debug|x86.Build.0 = Debug|Win32
		{E5CE34C2-CE36-4335-A31C-4AE31FB7A46C}.Release|x64.ActiveCfg = Release|x64
		{E5CE34C2-CE36-4335-A31C-4AE31FB7A46C}.Release|x64.Build.0 = Release|x64
		{E5CE34C2-CE36-4335-A31C-4AE31FB7A46C}.Release|x86.ActiveCfg = Release|Win32
		{E5CE34C2-CE36-4335-A31C-4AE31FB7A46C}.Release|x86.Build.0 = Release|Win32
		{09BEAB58-5AEF-4B53-8753-555495E0D862}.Debug|x64.ActiveCfg = Debug|x64
		{09BEAB58-5AEF-4B53-8753-555495E0D862}.Debug|x64.Build.0 = Debug|x64
		{09BEAB58-5AEF-4B53-8753-555495E0D862}.Debug|x86.ActiveCfg = Debug|Win32
		{09BEAB58-5AEF-4B53-8753-555495E0D862}.Debug|x86.Build.0 = Debug|Win32
		{09BEAB58-5AEF-4B53-8753-555495E0D862}.Release|x64.ActiveCfg = Release|x64
		{09BEAB58-5AEF-4B53-8753-555495E0D862}.Release|x64.Build.0 = Release|x64
		{09BEAB58-5AEF-4B53-8753-555495E0D862}.Release|x86.ActiveCfg = Release|Win32
		{09BEAB58-5AEF-4B53-8753-555495E0D862}.Release|x86.Build.0 = Release|Win32
		{AE77B227-D195-4D77-8434-700159515F7D}.Debug|x64.ActiveCfg = Debug|x64
		{AE77B227-D195-4D77-8434-700159515F7D}.Debug|x64.Build.0 = Debug|x64
		{AE77B227-D195-4D77-8434-700159515F7D}.Debug|x86.ActiveCfg = Debug|Win32
		{AE77B227-D195-4D77-8434-700159515F7D}.Debug|x86.Build.0 = Debug|Win32
		{AE77B227-D195-4D77-8434-700159515F7D}.Release|x64.ActiveCfg = Release|x64
		{AE77B227-D195-4D77-8434-700159515F7D}.Release|x64.Build.0 = Release|x64
		{AE77B227-D195-4D77-8434-700159515F7D}.Release|x86.ActiveCfg = Release|Win32
		{AE77B227-D195-4D77-8434-700159515F7D}.Release|x86.Build.0 = Release|Win32
		{946DA007-46BD-48EC-A455-2E9345143FEA}.Debug|x64.ActiveCfg = Debug|x64
		{946DA007-46BD-48EC-A455-2E9345143FEA}.Debug|x64.Build.0 = Debug|x64
		{946DA007-46BD-48EC-A455-2E9345143FEA}.Debug|x86.ActiveCfg = Debug|Win32
		{946DA007-46BD-48EC-A455-2E9345143FEA}.Debug|x86.Build.0 = Debug|Win32
		{946DA007-46BD-48EC-A455-2E9345143FEA}.Release|x64.ActiveCfg = Release|x64
		{946DA007-46BD-48EC-A455-2E9345143FEA}.Release|x64.Build.0 = Release|x64
		{946DA007-46BD-48EC-A455-2E9345143FEA}.Release|x86.ActiveCfg = Release|Win32
		{946DA007-46BD-48EC-A455-2E9345143FEA}.Release|x86.Build.0 = Release|Win32
		{0945D50A-9D68-41F7-9F90-61B28C2423A8}.Debug|x64.ActiveCfg = Debug|x64
		{0945D50A-9D68-41F7-9F90-61B28C2423A8}.Debug|x64.Build.0 = Debug|x64
		{0945D50A-9D68-41F7-9F90-61B28C2423A8}.Debug|x86.ActiveCfg = Debug|Win32
		{0945D50A-9D68-41F7-9F90-61B28C2423A8}.Debug|x86.Build.0 = Debug|Win32
		{0945D50A-9D68-41F7-9F90-61B28C2423A8}.Release|x64.ActiveCfg = Release|x64
		{0945D50A-9D68-41F7-9F90-61B28C2423A8}.Release|x64.Build.0 = Release|x64
		{0945D50A-9D68-41F7-9F90-61B28C2423A8}.Release|x86.ActiveCfg = Release|Win32
		{0945D50A-9D68-41F7-9F90-61B28C2423A8}.Release|x86.Build.0 = Release|Win32
		{1EC928B2-E746-4764-9F25-A786016DCE09}.Debug|x64.ActiveCfg = Debug|x64
		{1EC928B2-E746-4764-9F25-A786016DCE09}.Debug|x64.Build.0 = Debug|x64
		{1EC928B2-E746-4764-9F25-A786016DCE09}.Debug|x86.ActiveCfg = Debug|Win32
		{1EC928B2-E746-4764-9F25-A786016DCE09}.Debug|x86.Build.0 = Debug|Win32
		{1EC928B2-E746-4764-9F25-A786016DCE09}.Release|x64.ActiveCfg = Release|x64
		{1EC928B2-E746-4764-9F25-A786016DCE09}.Release|x64.Build.0 = Release|x64
		{1EC928B2-E746-4764-9F25-A786016DCE09}.Release|x86.ActiveCfg = Release|Win32
		{1EC928B2-E746-4764-9F25-A786016DCE09}.Release|x86.Build.0 = Release|Win32
		{96AC6249-EB16-4024-9751-807A9E157773}.Debug|x64.ActiveCfg = Debug|x64
		{96AC6249-EB16-4024-9751-807A9E157773}.Debug|x64.Build.0 = Debug|x64
		{96AC6249-EB16-4024-9751-807A9E157773}.Debug|x86.ActiveCfg = Debug|Win32
		{96AC6249-EB16-4024-9751-807A9E157773}.Debug|x86.Build.0 = Debug|Win32
		{96AC6249-EB16-4024-9751-807A9E157773}.Release|x64.ActiveCfg = Release|x64
		{96AC6249-EB16-4024-9751-807A9E157773}.Release|x64.Build.0 = Release|x64
		{96AC6249-EB16-4024-9751-807A9E157773}.Release|x86.ActiveCfg = Release|Win32
		{96AC6249-EB16-4024-9751-807A9E157773}.Release|x86.Build.0 = Release|Win32
	EndGlobalSection
	GlobalSection(SolutionProperties) = preSolution
		HideSolutionNode = FALSE
	EndGlobalSection
	GlobalSection(NestedProjects) = preSolution
		{E5CE34C2-CE36-4335-A31C-4AE31FB7A46C} = {5C5CAC99-1938-42BC-931F-4528A3FB4B9B}
		{1EC928B2-E746-4764-9F25-A786016DCE09} = {5C5CAC99-1938-42BC-931F-4528A3FB4B9B}
		{96AC6249-EB16-4024-9751-807A9E157773} = {5C5CAC99-1938-42BC-931F-4528A3FB4B9B}
	EndGlobalSection
	GlobalSection(ExtensibilityGlobals) = postSolution
		SolutionGuid = {43AB0A6D-2A47-4043-AC15-D6E0B0F3057C}
	EndGlobalSection
EndGlobal
