<?xml version="1.0" encoding="utf-8"?>
<Project ToolsVersion="4.0" xmlns="http://schemas.microsoft.com/developer/msbuild/2003">
  <ItemGroup>
    <Filter Include="Resource Files">
      <UniqueIdentifier>{67DA6AB6-F800-4c08-8B7A-83BB121AAD01}</UniqueIdentifier>
      <Extensions>rc;ico;cur;bmp;dlg;rc2;rct;bin;rgs;gif;jpg;jpeg;jpe;resx;tiff;tif;png;wav;mfcribbon-ms</Extensions>
    </Filter>
    <Filter Include="Source">
      <UniqueIdentifier>{4FC737F1-C7A5-4376-A066-2A32D752A2FF}</UniqueIdentifier>
      <Extensions>cpp;c;cc;cxx;c++;cppm;ixx;def;odl;idl;hpj;bat;asm;asmx</Extensions>
    </Filter>
  </ItemGroup>
  <ItemGroup>
    <ClInclude Include="Source\EditorApp.h">
      <Filter>Source</Filter>
    </ClInclude>
    <ClInclude Include="Source\EditorFrame.h">
      <Filter>Source</Filter>
    </ClInclude>
    <ClInclude Include="Source\DirectoryTreeControl.h">
      <Filter>Source</Filter>
    </ClInclude>
    <ClInclude Include="Source\SourceFileNotebookControl.h">
      <Filter>Source</Filter>
    </ClInclude>
    <ClInclude Include="Source\SourceFileEditControl.h">
      <Filter>Source</Filter>
    </ClInclude>
    <ClInclude Include="Source\TerminalControl.h">
      <Filter>Source</Filter>
    </ClInclude>
    <ClInclude Include="Source\RunThread.h">
      <Filter>Source</Filter>
    </ClInclude>
    <ClInclude Include="Source\Panel.h">
      <Filter>Source</Filter>
    </ClInclude>
    <ClInclude Include="Source\TerminalPanel.h">
      <Filter>Source</Filter>
    </ClInclude>
    <ClInclude Include="Source\DirectoryTreePanel.h">
      <Filter>Source</Filter>
    </ClInclude>
    <ClInclude Include="Source\SourceFilePanel.h">
      <Filter>Source</Filter>
    </ClInclude>
    <ClInclude Include="Source\BreakpointsPanel.h">
      <Filter>Source</Filter>
    </ClInclude>
    <ClInclude Include="Source\ValuesPanel.h">
      <Filter>Source</Filter>
    </ClInclude>
    <ClInclude Include="Source\ArtProvider.h">
      <Filter>Source</Filter>
    </ClInclude>
    <ClInclude Include="Source\FileFinder.h">
      <Filter>Source</Filter>
    </ClInclude>
  </ItemGroup>
  <ItemGroup>
    <ClCompile Include="Source\EditorApp.cpp">
      <Filter>Source</Filter>
    </ClCompile>
    <ClCompile Include="Source\EditorFrame.cpp">
      <Filter>Source</Filter>
    </ClCompile>
    <ClCompile Include="Source\DirectoryTreeControl.cpp">
      <Filter>Source</Filter>
    </ClCompile>
    <ClCompile Include="Source\SourceFileNotebookControl.cpp">
      <Filter>Source</Filter>
    </ClCompile>
    <ClCompile Include="Source\SourceFileEditControl.cpp">
      <Filter>Source</Filter>
    </ClCompile>
    <ClCompile Include="Source\TerminalControl.cpp">
      <Filter>Source</Filter>
    </ClCompile>
    <ClCompile Include="Source\RunThread.cpp">
      <Filter>Source</Filter>
    </ClCompile>
    <ClCompile Include="Source\Panel.cpp">
      <Filter>Source</Filter>
    </ClCompile>
    <ClCompile Include="Source\TerminalPanel.cpp">
      <Filter>Source</Filter>
    </ClCompile>
    <ClCompile Include="Source\DirectoryTreePanel.cpp">
      <Filter>Source</Filter>
    </ClCompile>
    <ClCompile Include="Source\SourceFilePanel.cpp">
      <Filter>Source</Filter>
    </ClCompile>
    <ClCompile Include="Source\BreakpointsPanel.cpp">
      <Filter>Source</Filter>
    </ClCompile>
    <ClCompile Include="Source\ValuesPanel.cpp">
      <Filter>Source</Filter>
    </ClCompile>
    <ClCompile Include="Source\ArtProvider.cpp">
      <Filter>Source</Filter>
    </ClCompile>
    <ClCompile Include="Source\FileFinder.cpp">
      <Filter>Source</Filter>
    </ClCompile>
  </ItemGroup>
  <ItemGroup>
    <Text Include="Source\TODO.txt">
      <Filter>Source</Filter>
    </Text>
  </ItemGroup>
</Project>