<?xml version="1.0" encoding="utf-8"?>
<Project ToolsVersion="4.0" xmlns="http://schemas.microsoft.com/developer/msbuild/2003">
  <ItemGroup>
    <Filter Include="Source">
      <UniqueIdentifier>{4FC737F1-C7A5-4376-A066-2A32D752A2FF}</UniqueIdentifier>
      <Extensions>cpp;c;cc;cxx;c++;cppm;ixx;def;odl;idl;hpj;bat;asm;asmx</Extensions>
    </Filter>
    <Filter Include="Examples">
      <UniqueIdentifier>{82138dd7-f4ce-4c82-b7c6-01e4fcdd06ca}</UniqueIdentifier>
    </Filter>
  </ItemGroup>
  <ItemGroup>
    <ClCompile Include="Source\Interpreter.cpp">
      <Filter>Source</Filter>
    </ClCompile>
  </ItemGroup>
  <ItemGroup>
    <None Include="Examples\Fibbonacci.pow">
      <Filter>Examples</Filter>
    </None>
    <None Include="Examples\Fork.pow">
      <Filter>Examples</Filter>
    </None>
    <None Include="Examples\HelloWorld.pow">
      <Filter>Examples</Filter>
    </None>
    <None Include="Examples\MathExpression.pow">
      <Filter>Examples</Filter>
    </None>
    <None Include="Examples\ScopeTest.pow">
      <Filter>Examples</Filter>
    </None>
    <None Include="Examples\DoWhile.pow">
      <Filter>Examples</Filter>
    </None>
  </ItemGroup>
  <ItemGroup>
    <Text Include="Examples\Function.pow">
      <Filter>Examples</Filter>
    </Text>
  </ItemGroup>
</Project>